{
  "name": "folder2json",
  "version": "0.0.1",
  "lockfileVersion": 1,
  "requires": true,
  "dependencies": {
    "directory-tree": {
      "version": "2.2.4",
      "resolved": "https://registry.npmjs.org/directory-tree/-/directory-tree-2.2.4.tgz",
      "integrity": "sha512-2N43msQptKbi3WMfIs+U09yi6bfyKL+MWyj5VMj8t1F/Tx04bt1cn/EEIU3o1JBltlJk7NQnzOEuTNa/KQvbWA=="
    },
    "js-treeview": {
      "version": "1.1.5",
      "resolved": "https://registry.npmjs.org/js-treeview/-/js-treeview-1.1.5.tgz",
      "integrity": "sha512-PtOfvElB7KZL4O0aO3z7UY38G7ReMN74Y1iRSZPsOfyS+YGtVrHVTst+rwIy96PGoWQ2/7wEUOjjpSeYUj7+mg=="
    }
  }
}
